
Microsoft Visual Studio Solution File, Format Version 12.00
# Visual Studio Version 17
VisualStudioVersion = 17.14.36414.22 d17.14
MinimumVisualStudioVersion = 10.0.40219.1
Project("{FAE04EC0-301F-11D3-BF4B-00C04F79EFBC}") = "BikeRentProjects", "BikeRentProjects.csproj", "{FF86329D-43EE-4E7F-A75A-9E0650641425}"
EndProject
Global
	GlobalSection(SolutionConfigurationPlatforms) = preSolution
		Debug|Any CPU = Debug|Any CPU
		Release|Any CPU = Release|Any CPU
	EndGlobalSection
	GlobalSection(ProjectConfigurationPlatforms) = postSolution
		{FF86329D-43EE-4E7F-A75A-9E0650641425}.Debug|Any CPU.ActiveCfg = Debug|Any CPU
		{FF86329D-43EE-4E7F-A75A-9E0650641425}.Debug|Any CPU.Build.0 = Debug|Any CPU
		{FF86329D-43EE-4E7F-A75A-9E0650641425}.Release|Any CPU.ActiveCfg = Release|Any CPU
		{FF86329D-43EE-4E7F-A75A-9E0650641425}.Release|Any CPU.Build.0 = Release|Any CPU
	EndGlobalSection
	GlobalSection(SolutionProperties) = preSolution
		HideSolutionNode = FALSE
	EndGlobalSection
	GlobalSection(ExtensibilityGlobals) = postSolution
		SolutionGuid = {84BBBB35-E8AF-43A1-9444-EBF5F9A4ED6F}
	EndGlobalSection
EndGlobal
